
Microsoft Visual Studio Solution File, Format Version 10.00
# Visual Studio 2008
Project("{FAE04EC0-301F-11D3-BF4B-00C04F79EFBC}") = "Karaoke", "Karaoke.csproj", "{D33A1434-EFE6-4275-A913-A42BF1C347C5}"
EndProject
Project("{54435603-DBB4-11D2-8724-00A0C9A8B90C}") = "Setup", "..\Setup\Setup.vdproj", "{87D9BF1D-710C-41F0-8695-D09B47572378}"
EndProject
Global
	GlobalSection(SolutionConfigurationPlatforms) = preSolution
		Debug|Any CPU = Debug|Any CPU
		Release|Any CPU = Release|Any CPU
	EndGlobalSection
	GlobalSection(ProjectConfigurationPlatforms) = postSolution
		{D33A1434-EFE6-4275-A913-A42BF1C347C5}.Debug|Any CPU.ActiveCfg = Debug|Any CPU
		{D33A1434-EFE6-4275-A913-A42BF1C347C5}.Debug|Any CPU.Build.0 = Debug|Any CPU
		{D33A1434-EFE6-4275-A913-A42BF1C347C5}.Release|Any CPU.ActiveCfg = Release|Any CPU
		{D33A1434-EFE6-4275-A913-A42BF1C347C5}.Release|Any CPU.Build.0 = Release|Any CPU
		{87D9BF1D-710C-41F0-8695-D09B47572378}.Debug|Any CPU.ActiveCfg = Debug
		{87D9BF1D-710C-41F0-8695-D09B47572378}.Release|Any CPU.ActiveCfg = Release
	EndGlobalSection
	GlobalSection(SolutionProperties) = preSolution
		HideSolutionNode = FALSE
	EndGlobalSection
EndGlobal
